
Microsoft Visual Studio Solution File, Format Version 12.00
# Visual Studio Version 17
VisualStudioVersion = 17.9.34728.123
MinimumVisualStudioVersion = 10.0.40219.1
Project("{2150E333-8FDC-42A3-9474-1A3956D46DE8}") = "01-Web", "01-Web", "{C6919EFC-24A8-4766-8D3F-02EB29943378}"
EndProject
Project("{2150E333-8FDC-42A3-9474-1A3956D46DE8}") = "02-Service", "02-Service", "{5D1C8DD4-8562-434A-A08E-1D948854D3FC}"
EndProject
Project("{2150E333-8FDC-42A3-9474-1A3956D46DE8}") = "03-BusinessLogic", "03-BusinessLogic", "{414E5953-67EA-4733-9B40-88C6F949759D}"
EndProject
Project("{2150E333-8FDC-42A3-9474-1A3956D46DE8}") = "04-Data", "04-Data", "{3E4ED760-9DB7-4203-AE3A-DA0AF0A09FD4}"
EndProject
Project("{2150E333-8FDC-42A3-9474-1A3956D46DE8}") = "05-Shared", "05-Shared", "{ABA1B885-C377-492C-9897-CB37286E6206}"
EndProject
Project("{9A19103F-16F7-4668-BE54-9A1E7A4F7556}") = "Web.Core", "Web.Core\Web.Core.csproj", "{A9EBA7C4-0B00-4D74-A866-697DC38B0E2D}"
EndProject
Project("{9A19103F-16F7-4668-BE54-9A1E7A4F7556}") = "Web.App", "Web.App\Web.App.csproj", "{F7344DE9-9AEB-477F-BC8A-8A6AC92D62F0}"
EndProject
Project("{9A19103F-16F7-4668-BE54-9A1E7A4F7556}") = "Data.TrainingContext", "Data.TrainingContext\Data.TrainingContext.csproj", "{FC6BC86A-228B-4883-A28E-84F11D1C964A}"
EndProject
Project("{FAE04EC0-301F-11D3-BF4B-00C04F79EFBC}") = "Data.Models", "Data.Models\Data.Models.csproj", "{8F7C0510-1B08-4A7E-8036-F9288DA84239}"
EndProject
Project("{FAE04EC0-301F-11D3-BF4B-00C04F79EFBC}") = "BusinessLogic.Shared", "BusinessLogic.Shared\BusinessLogic.Shared.csproj", "{F6DF9096-091B-4158-8112-138D66CA9B8A}"
EndProject
Project("{FAE04EC0-301F-11D3-BF4B-00C04F79EFBC}") = "BusinessLogic.Administration", "BusinessLogic.Administration\BusinessLogic.Administration.csproj", "{5B84CA00-35CD-47DE-93C7-B56EF62315ED}"
EndProject
Project("{FAE04EC0-301F-11D3-BF4B-00C04F79EFBC}") = "Service.Api", "Service.Api\Service.Api.csproj", "{8661D36B-0990-4494-A378-C4B25DE54E32}"
EndProject
Global
	GlobalSection(SolutionConfigurationPlatforms) = preSolution
		Debug|Any CPU = Debug|Any CPU
		Release|Any CPU = Release|Any CPU
	EndGlobalSection
	GlobalSection(ProjectConfigurationPlatforms) = postSolution
		{A9EBA7C4-0B00-4D74-A866-697DC38B0E2D}.Debug|Any CPU.ActiveCfg = Debug|Any CPU
		{A9EBA7C4-0B00-4D74-A866-697DC38B0E2D}.Debug|Any CPU.Build.0 = Debug|Any CPU
		{A9EBA7C4-0B00-4D74-A866-697DC38B0E2D}.Release|Any CPU.ActiveCfg = Release|Any CPU
		{A9EBA7C4-0B00-4D74-A866-697DC38B0E2D}.Release|Any CPU.Build.0 = Release|Any CPU
		{F7344DE9-9AEB-477F-BC8A-8A6AC92D62F0}.Debug|Any CPU.ActiveCfg = Debug|Any CPU
		{F7344DE9-9AEB-477F-BC8A-8A6AC92D62F0}.Debug|Any CPU.Build.0 = Debug|Any CPU
		{F7344DE9-9AEB-477F-BC8A-8A6AC92D62F0}.Release|Any CPU.ActiveCfg = Release|Any CPU
		{F7344DE9-9AEB-477F-BC8A-8A6AC92D62F0}.Release|Any CPU.Build.0 = Release|Any CPU
		{FC6BC86A-228B-4883-A28E-84F11D1C964A}.Debug|Any CPU.ActiveCfg = Debug|Any CPU
		{FC6BC86A-228B-4883-A28E-84F11D1C964A}.Debug|Any CPU.Build.0 = Debug|Any CPU
		{FC6BC86A-228B-4883-A28E-84F11D1C964A}.Release|Any CPU.ActiveCfg = Release|Any CPU
		{FC6BC86A-228B-4883-A28E-84F11D1C964A}.Release|Any CPU.Build.0 = Release|Any CPU
		{8F7C0510-1B08-4A7E-8036-F9288DA84239}.Debug|Any CPU.ActiveCfg = Debug|Any CPU
		{8F7C0510-1B08-4A7E-8036-F9288DA84239}.Debug|Any CPU.Build.0 = Debug|Any CPU
		{8F7C0510-1B08-4A7E-8036-F9288DA84239}.Release|Any CPU.ActiveCfg = Release|Any CPU
		{8F7C0510-1B08-4A7E-8036-F9288DA84239}.Release|Any CPU.Build.0 = Release|Any CPU
		{F6DF9096-091B-4158-8112-138D66CA9B8A}.Debug|Any CPU.ActiveCfg = Debug|Any CPU
		{F6DF9096-091B-4158-8112-138D66CA9B8A}.Debug|Any CPU.Build.0 = Debug|Any CPU
		{F6DF9096-091B-4158-8112-138D66CA9B8A}.Release|Any CPU.ActiveCfg = Release|Any CPU
		{F6DF9096-091B-4158-8112-138D66CA9B8A}.Release|Any CPU.Build.0 = Release|Any CPU
		{5B84CA00-35CD-47DE-93C7-B56EF62315ED}.Debug|Any CPU.ActiveCfg = Debug|Any CPU
		{5B84CA00-35CD-47DE-93C7-B56EF62315ED}.Debug|Any CPU.Build.0 = Debug|Any CPU
		{5B84CA00-35CD-47DE-93C7-B56EF62315ED}.Release|Any CPU.ActiveCfg = Release|Any CPU
		{5B84CA00-35CD-47DE-93C7-B56EF62315ED}.Release|Any CPU.Build.0 = Release|Any CPU
		{8661D36B-0990-4494-A378-C4B25DE54E32}.Debug|Any CPU.ActiveCfg = Debug|Any CPU
		{8661D36B-0990-4494-A378-C4B25DE54E32}.Debug|Any CPU.Build.0 = Debug|Any CPU
		{8661D36B-0990-4494-A378-C4B25DE54E32}.Release|Any CPU.ActiveCfg = Release|Any CPU
		{8661D36B-0990-4494-A378-C4B25DE54E32}.Release|Any CPU.Build.0 = Release|Any CPU
	EndGlobalSection
	GlobalSection(SolutionProperties) = preSolution
		HideSolutionNode = FALSE
	EndGlobalSection
	GlobalSection(NestedProjects) = preSolution
		{A9EBA7C4-0B00-4D74-A866-697DC38B0E2D} = {C6919EFC-24A8-4766-8D3F-02EB29943378}
		{F7344DE9-9AEB-477F-BC8A-8A6AC92D62F0} = {C6919EFC-24A8-4766-8D3F-02EB29943378}
		{FC6BC86A-228B-4883-A28E-84F11D1C964A} = {3E4ED760-9DB7-4203-AE3A-DA0AF0A09FD4}
		{8F7C0510-1B08-4A7E-8036-F9288DA84239} = {3E4ED760-9DB7-4203-AE3A-DA0AF0A09FD4}
		{F6DF9096-091B-4158-8112-138D66CA9B8A} = {414E5953-67EA-4733-9B40-88C6F949759D}
		{5B84CA00-35CD-47DE-93C7-B56EF62315ED} = {414E5953-67EA-4733-9B40-88C6F949759D}
		{8661D36B-0990-4494-A378-C4B25DE54E32} = {5D1C8DD4-8562-434A-A08E-1D948854D3FC}
	EndGlobalSection
	GlobalSection(ExtensibilityGlobals) = postSolution
		SolutionGuid = {7B597340-3E72-4EBC-9614-F65BEDA8C34B}
	EndGlobalSection
EndGlobal
